
Microsoft Visual Studio Solution File, Format Version 12.00
# Visual Studio Version 17
VisualStudioVersion = 17.14.36414.22
MinimumVisualStudioVersion = 10.0.40219.1
Project("{FAE04EC0-301F-11D3-BF4B-00C04F79EFBC}") = "MaxAPI", "MaxAPI\MaxAPI.csproj", "{14E8229D-400E-913E-0C7F-9CD98D92DE86}"
EndProject
Project("{FAE04EC0-301F-11D3-BF4B-00C04F79EFBC}") = "Test", "Test\Test.csproj", "{8F53FC30-2787-4A73-8C42-BCDB09EE960D}"
EndProject
Global
	GlobalSection(SolutionConfigurationPlatforms) = preSolution
		Debug|Any CPU = Debug|Any CPU
		Release|Any CPU = Release|Any CPU
	EndGlobalSection
	GlobalSection(ProjectConfigurationPlatforms) = postSolution
		{14E8229D-400E-913E-0C7F-9CD98D92DE86}.Debug|Any CPU.ActiveCfg = Debug|Any CPU
		{14E8229D-400E-913E-0C7F-9CD98D92DE86}.Debug|Any CPU.Build.0 = Debug|Any CPU
		{14E8229D-400E-913E-0C7F-9CD98D92DE86}.Release|Any CPU.ActiveCfg = Release|Any CPU
		{14E8229D-400E-913E-0C7F-9CD98D92DE86}.Release|Any CPU.Build.0 = Release|Any CPU
		{8F53FC30-2787-4A73-8C42-BCDB09EE960D}.Debug|Any CPU.ActiveCfg = Debug|Any CPU
		{8F53FC30-2787-4A73-8C42-BCDB09EE960D}.Debug|Any CPU.Build.0 = Debug|Any CPU
		{8F53FC30-2787-4A73-8C42-BCDB09EE960D}.Release|Any CPU.ActiveCfg = Release|Any CPU
		{8F53FC30-2787-4A73-8C42-BCDB09EE960D}.Release|Any CPU.Build.0 = Release|Any CPU
	EndGlobalSection
	GlobalSection(SolutionProperties) = preSolution
		HideSolutionNode = FALSE
	EndGlobalSection
	GlobalSection(ExtensibilityGlobals) = postSolution
		SolutionGuid = {9843CCF0-0964-470D-819C-41F32BDF8A34}
	EndGlobalSection
EndGlobal
